
Microsoft Visual Studio Solution File, Format Version 12.00
# Visual Studio Version 17
VisualStudioVersion = 17.14.36203.30
MinimumVisualStudioVersion = 10.0.40219.1
Project("{FAE04EC0-301F-11D3-BF4B-00C04F79EFBC}") = "openGL2", "openGL2.csproj", "{34B16882-1C92-4C2F-9F57-F6108763F3A4}"
EndProject
Project("{FAE04EC0-301F-11D3-BF4B-00C04F79EFBC}") = "TestProject1", "..\TestProject1\TestProject1.csproj", "{2391E569-9CB3-400B-83C2-766B0DB154BA}"
EndProject
Project("{FAE04EC0-301F-11D3-BF4B-00C04F79EFBC}") = "WinFormsApp2", "..\WinFormsApp2\WinFormsApp2.csproj", "{4EBB0069-35FF-47AB-A6B4-5ADB63DEDCA1}"
EndProject
Global
	GlobalSection(SolutionConfigurationPlatforms) = preSolution
		Debug|Any CPU = Debug|Any CPU
		Release|Any CPU = Release|Any CPU
	EndGlobalSection
	GlobalSection(ProjectConfigurationPlatforms) = postSolution
		{34B16882-1C92-4C2F-9F57-F6108763F3A4}.Debug|Any CPU.ActiveCfg = Debug|Any CPU
		{34B16882-1C92-4C2F-9F57-F6108763F3A4}.Debug|Any CPU.Build.0 = Debug|Any CPU
		{34B16882-1C92-4C2F-9F57-F6108763F3A4}.Release|Any CPU.ActiveCfg = Release|Any CPU
		{34B16882-1C92-4C2F-9F57-F6108763F3A4}.Release|Any CPU.Build.0 = Release|Any CPU
		{2391E569-9CB3-400B-83C2-766B0DB154BA}.Debug|Any CPU.ActiveCfg = Debug|Any CPU
		{2391E569-9CB3-400B-83C2-766B0DB154BA}.Debug|Any CPU.Build.0 = Debug|Any CPU
		{2391E569-9CB3-400B-83C2-766B0DB154BA}.Release|Any CPU.ActiveCfg = Release|Any CPU
		{2391E569-9CB3-400B-83C2-766B0DB154BA}.Release|Any CPU.Build.0 = Release|Any CPU
		{4EBB0069-35FF-47AB-A6B4-5ADB63DEDCA1}.Debug|Any CPU.ActiveCfg = Debug|Any CPU
		{4EBB0069-35FF-47AB-A6B4-5ADB63DEDCA1}.Debug|Any CPU.Build.0 = Debug|Any CPU
		{4EBB0069-35FF-47AB-A6B4-5ADB63DEDCA1}.Release|Any CPU.ActiveCfg = Release|Any CPU
		{4EBB0069-35FF-47AB-A6B4-5ADB63DEDCA1}.Release|Any CPU.Build.0 = Release|Any CPU
	EndGlobalSection
	GlobalSection(SolutionProperties) = preSolution
		HideSolutionNode = FALSE
	EndGlobalSection
	GlobalSection(ExtensibilityGlobals) = postSolution
		SolutionGuid = {C21883A4-012A-4CB6-B9B3-A51A341A8A0C}
	EndGlobalSection
EndGlobal
